{
  "name": "CentroEsteticoTairy",
  "version": "1.0.0",
  "lockfileVersion": 1,
  "requires": true,
  "dependencies": {
    "bs-stepper": {
      "version": "1.7.0",
      "resolved": "https://registry.npmjs.org/bs-stepper/-/bs-stepper-1.7.0.tgz",
      "integrity": "sha512-+DX7UKKgw2GI6ucsSCRd19VHYrxf/8znRCLs1lQVVLxz+h7EqgIOxoHcJ0/QTaaNoR9Cwg78ydo6hXIasyd3LA=="
    },
    "intro.js": {
      "version": "3.1.0",
      "resolved": "https://registry.npmjs.org/intro.js/-/intro.js-3.1.0.tgz",
      "integrity": "sha512-33RIsH83COa0PIPOfhaKyWXCKGieq6ZU5o0jhHjR8c54I9/CXugjEJ/dPxr0DcfxrSSxJunS/xJlZnhADEsJ2Q=="
    },
    "jquery": {
      "version": "3.5.1",
      "resolved": "https://registry.npmjs.org/jquery/-/jquery-3.5.1.tgz",
      "integrity": "sha512-XwIBPqcMn57FxfT+Go5pzySnm4KWkT1Tv7gjrpT1srtf8Weynl6R273VJ5GjkRb51IzMp5nbaPjJXMWeju2MKg=="
    }
  }
}
