{
  "name": "CentroEsteticoTairy",
  "version": "1.0.0",
  "lockfileVersion": 1,
  "requires": true,
  "dependencies": {
    "intro.js": {
      "version": "3.1.0",
      "resolved": "https://registry.npmjs.org/intro.js/-/intro.js-3.1.0.tgz",
      "integrity": "sha512-33RIsH83COa0PIPOfhaKyWXCKGieq6ZU5o0jhHjR8c54I9/CXugjEJ/dPxr0DcfxrSSxJunS/xJlZnhADEsJ2Q=="
    }
  }
}
